
Microsoft Visual Studio Solution File, Format Version 12.00
# Visual Studio Version 16
VisualStudioVersion = 16.0.32002.261
MinimumVisualStudioVersion = 10.0.40219.1
Project("{9A19103F-16F7-4668-BE54-9A1E7A4F7556}") = "ProceedToBuy", "ProceedToBuy.csproj", "{9AB2761F-C9BC-4921-BAC9-EBD456196F58}"
EndProject
Global
	GlobalSection(SolutionConfigurationPlatforms) = preSolution
		Debug|Any CPU = Debug|Any CPU
		Release|Any CPU = Release|Any CPU
	EndGlobalSection
	GlobalSection(ProjectConfigurationPlatforms) = postSolution
		{9AB2761F-C9BC-4921-BAC9-EBD456196F58}.Debug|Any CPU.ActiveCfg = Debug|Any CPU
		{9AB2761F-C9BC-4921-BAC9-EBD456196F58}.Debug|Any CPU.Build.0 = Debug|Any CPU
		{9AB2761F-C9BC-4921-BAC9-EBD456196F58}.Release|Any CPU.ActiveCfg = Release|Any CPU
		{9AB2761F-C9BC-4921-BAC9-EBD456196F58}.Release|Any CPU.Build.0 = Release|Any CPU
	EndGlobalSection
	GlobalSection(SolutionProperties) = preSolution
		HideSolutionNode = FALSE
	EndGlobalSection
	GlobalSection(ExtensibilityGlobals) = postSolution
		SolutionGuid = {B2562324-C5E8-4EE5-BC62-F260B25C3D72}
	EndGlobalSection
EndGlobal
